
Microsoft Visual Studio Solution File, Format Version 12.00
# Visual Studio 15
VisualStudioVersion = 15.0.27130.2010
MinimumVisualStudioVersion = 10.0.40219.1
Project("{FAE04EC0-301F-11D3-BF4B-00C04F79EFBC}") = "ExceptionHandling_Tutorial", "ExceptionHandling_Tutorial\ExceptionHandling_Tutorial.csproj", "{61F980A5-A40D-45E8-BE6A-677EC3BBDF89}"
EndProject
Global
	GlobalSection(SolutionConfigurationPlatforms) = preSolution
		Debug|Any CPU = Debug|Any CPU
		Release|Any CPU = Release|Any CPU
	EndGlobalSection
	GlobalSection(ProjectConfigurationPlatforms) = postSolution
		{61F980A5-A40D-45E8-BE6A-677EC3BBDF89}.Debug|Any CPU.ActiveCfg = Debug|Any CPU
		{61F980A5-A40D-45E8-BE6A-677EC3BBDF89}.Debug|Any CPU.Build.0 = Debug|Any CPU
		{61F980A5-A40D-45E8-BE6A-677EC3BBDF89}.Release|Any CPU.ActiveCfg = Release|Any CPU
		{61F980A5-A40D-45E8-BE6A-677EC3BBDF89}.Release|Any CPU.Build.0 = Release|Any CPU
	EndGlobalSection
	GlobalSection(SolutionProperties) = preSolution
		HideSolutionNode = FALSE
	EndGlobalSection
	GlobalSection(ExtensibilityGlobals) = postSolution
		SolutionGuid = {1BBB1362-7CDB-4208-9480-2352BD39B823}
	EndGlobalSection
EndGlobal
